
Microsoft Visual Studio Solution File, Format Version 12.00
# Visual Studio 15
VisualStudioVersion = 15.0.28307.1267
MinimumVisualStudioVersion = 10.0.40219.1
Project("{FAE04EC0-301F-11D3-BF4B-00C04F79EFBC}") = "WebAPI", "WebAPI\WebAPI.csproj", "{7573333A-6AEF-4AC6-8D1C-E59EEE5AAF6A}"
EndProject
Global
	GlobalSection(SolutionConfigurationPlatforms) = preSolution
		Debug|Any CPU = Debug|Any CPU
		Release|Any CPU = Release|Any CPU
	EndGlobalSection
	GlobalSection(ProjectConfigurationPlatforms) = postSolution
		{7573333A-6AEF-4AC6-8D1C-E59EEE5AAF6A}.Debug|Any CPU.ActiveCfg = Debug|Any CPU
		{7573333A-6AEF-4AC6-8D1C-E59EEE5AAF6A}.Debug|Any CPU.Build.0 = Debug|Any CPU
		{7573333A-6AEF-4AC6-8D1C-E59EEE5AAF6A}.Release|Any CPU.ActiveCfg = Release|Any CPU
		{7573333A-6AEF-4AC6-8D1C-E59EEE5AAF6A}.Release|Any CPU.Build.0 = Release|Any CPU
	EndGlobalSection
	GlobalSection(SolutionProperties) = preSolution
		HideSolutionNode = FALSE
	EndGlobalSection
	GlobalSection(ExtensibilityGlobals) = postSolution
		SolutionGuid = {3420AED9-DE75-4E8D-AF1B-93376FA4E734}
	EndGlobalSection
EndGlobal
